
Microsoft Visual Studio Solution File, Format Version 12.00
# Visual Studio Version 17
VisualStudioVersion = 17.13.35806.99 d17.13
MinimumVisualStudioVersion = 10.0.40219.1
Project("{FAE04EC0-301F-11D3-BF4B-00C04F79EFBC}") = "InventarioAPI", "InventarioAPI.csproj", "{B23AA236-930D-42D9-A7AC-285FE1019C40}"
EndProject
Global
	GlobalSection(SolutionConfigurationPlatforms) = preSolution
		Debug|Any CPU = Debug|Any CPU
		Release|Any CPU = Release|Any CPU
	EndGlobalSection
	GlobalSection(ProjectConfigurationPlatforms) = postSolution
		{B23AA236-930D-42D9-A7AC-285FE1019C40}.Debug|Any CPU.ActiveCfg = Debug|Any CPU
		{B23AA236-930D-42D9-A7AC-285FE1019C40}.Debug|Any CPU.Build.0 = Debug|Any CPU
		{B23AA236-930D-42D9-A7AC-285FE1019C40}.Release|Any CPU.ActiveCfg = Release|Any CPU
		{B23AA236-930D-42D9-A7AC-285FE1019C40}.Release|Any CPU.Build.0 = Release|Any CPU
	EndGlobalSection
	GlobalSection(SolutionProperties) = preSolution
		HideSolutionNode = FALSE
	EndGlobalSection
	GlobalSection(ExtensibilityGlobals) = postSolution
		SolutionGuid = {3BFAA3CF-F626-41B1-A1C3-6FA710E4C89E}
	EndGlobalSection
EndGlobal
